
Microsoft Visual Studio Solution File, Format Version 12.00
# Visual Studio 2012
Project("{2150E333-8FDC-42A3-9474-1A3956D46DE8}") = ".nuget", ".nuget", "{BFDFED2D-07CF-41CE-93F5-521A4C6A40D4}"
	ProjectSection(SolutionItems) = preProject
		.nuget\NuGet.Config = .nuget\NuGet.Config
		.nuget\NuGet.exe = .nuget\NuGet.exe
		.nuget\NuGet.targets = .nuget\NuGet.targets
	EndProjectSection
EndProject
Project("{FAE04EC0-301F-11D3-BF4B-00C04F79EFBC}") = "Common", "Common\Common.csproj", "{B4EA1FD0-55FC-49D9-9837-8C55BEF1D702}"
EndProject
Project("{FAE04EC0-301F-11D3-BF4B-00C04F79EFBC}") = "Module1", "Module1\Module1.csproj", "{EFCFF90B-780B-4667-8CB1-575A17A0D794}"
EndProject
Project("{FAE04EC0-301F-11D3-BF4B-00C04F79EFBC}") = "Module2", "Module2\Module2.csproj", "{7450FBF7-F329-4F28-BFFC-5D82EF6A9F1F}"
EndProject
Project("{FAE04EC0-301F-11D3-BF4B-00C04F79EFBC}") = "Shell", "Shell\Shell.csproj", "{16E055BB-1D03-4F53-82CC-FC8E15C8A383}"
EndProject
Global
	GlobalSection(SolutionConfigurationPlatforms) = preSolution
		Debug|Any CPU = Debug|Any CPU
		Release|Any CPU = Release|Any CPU
	EndGlobalSection
	GlobalSection(ProjectConfigurationPlatforms) = postSolution
		{B4EA1FD0-55FC-49D9-9837-8C55BEF1D702}.Debug|Any CPU.ActiveCfg = Debug|Any CPU
		{B4EA1FD0-55FC-49D9-9837-8C55BEF1D702}.Debug|Any CPU.Build.0 = Debug|Any CPU
		{B4EA1FD0-55FC-49D9-9837-8C55BEF1D702}.Release|Any CPU.ActiveCfg = Release|Any CPU
		{B4EA1FD0-55FC-49D9-9837-8C55BEF1D702}.Release|Any CPU.Build.0 = Release|Any CPU
		{EFCFF90B-780B-4667-8CB1-575A17A0D794}.Debug|Any CPU.ActiveCfg = Debug|Any CPU
		{EFCFF90B-780B-4667-8CB1-575A17A0D794}.Debug|Any CPU.Build.0 = Debug|Any CPU
		{EFCFF90B-780B-4667-8CB1-575A17A0D794}.Release|Any CPU.ActiveCfg = Release|Any CPU
		{EFCFF90B-780B-4667-8CB1-575A17A0D794}.Release|Any CPU.Build.0 = Release|Any CPU
		{7450FBF7-F329-4F28-BFFC-5D82EF6A9F1F}.Debug|Any CPU.ActiveCfg = Debug|Any CPU
		{7450FBF7-F329-4F28-BFFC-5D82EF6A9F1F}.Debug|Any CPU.Build.0 = Debug|Any CPU
		{7450FBF7-F329-4F28-BFFC-5D82EF6A9F1F}.Release|Any CPU.ActiveCfg = Release|Any CPU
		{7450FBF7-F329-4F28-BFFC-5D82EF6A9F1F}.Release|Any CPU.Build.0 = Release|Any CPU
		{16E055BB-1D03-4F53-82CC-FC8E15C8A383}.Debug|Any CPU.ActiveCfg = Debug|Any CPU
		{16E055BB-1D03-4F53-82CC-FC8E15C8A383}.Debug|Any CPU.Build.0 = Debug|Any CPU
		{16E055BB-1D03-4F53-82CC-FC8E15C8A383}.Release|Any CPU.ActiveCfg = Release|Any CPU
		{16E055BB-1D03-4F53-82CC-FC8E15C8A383}.Release|Any CPU.Build.0 = Release|Any CPU
	EndGlobalSection
	GlobalSection(SolutionProperties) = preSolution
		HideSolutionNode = FALSE
	EndGlobalSection
	GlobalSection(ExtensibilityGlobals) = postSolution
		EnterpriseLibraryConfigurationToolBinariesPath = packages\Unity.2.1.505.2\lib\NET35
	EndGlobalSection
EndGlobal
